
Microsoft Visual Studio Solution File, Format Version 12.00
# Visual Studio Version 16
VisualStudioVersion = 16.0.30503.244
MinimumVisualStudioVersion = 10.0.40219.1
Project("{FAE04EC0-301F-11D3-BF4B-00C04F79EFBC}") = "EjemploAdapter", "EjemploAdapter\EjemploAdapter.csproj", "{3405F5EB-CA5D-4FD7-B838-E53F8465BCBC}"
EndProject
Global
	GlobalSection(SolutionConfigurationPlatforms) = preSolution
		Debug|Any CPU = Debug|Any CPU
		Release|Any CPU = Release|Any CPU
	EndGlobalSection
	GlobalSection(ProjectConfigurationPlatforms) = postSolution
		{3405F5EB-CA5D-4FD7-B838-E53F8465BCBC}.Debug|Any CPU.ActiveCfg = Debug|Any CPU
		{3405F5EB-CA5D-4FD7-B838-E53F8465BCBC}.Debug|Any CPU.Build.0 = Debug|Any CPU
		{3405F5EB-CA5D-4FD7-B838-E53F8465BCBC}.Release|Any CPU.ActiveCfg = Release|Any CPU
		{3405F5EB-CA5D-4FD7-B838-E53F8465BCBC}.Release|Any CPU.Build.0 = Release|Any CPU
	EndGlobalSection
	GlobalSection(SolutionProperties) = preSolution
		HideSolutionNode = FALSE
	EndGlobalSection
	GlobalSection(ExtensibilityGlobals) = postSolution
		SolutionGuid = {A7A5AF4D-EE6F-4E6C-A679-AF751AB16C83}
	EndGlobalSection
EndGlobal
